
Microsoft Visual Studio Solution File, Format Version 12.00
# Visual Studio Version 16
VisualStudioVersion = 16.0.30128.74
MinimumVisualStudioVersion = 10.0.40219.1
Project("{FAE04EC0-301F-11D3-BF4B-00C04F79EFBC}") = "xMax.Module", "xMax.Module\xMax.Module.csproj", "{C8335DA2-E3AF-4415-AFA8-7F0B60BBED7B}"
EndProject
Project("{FAE04EC0-301F-11D3-BF4B-00C04F79EFBC}") = "xMax.Module.Web", "xMax.Module.Web\xMax.Module.Web.csproj", "{A90DF53C-B0A5-45BB-AB63-DCF1A9581135}"
EndProject
Project("{FAE04EC0-301F-11D3-BF4B-00C04F79EFBC}") = "xMax.Web", "xMax.Web\xMax.Web.csproj", "{4D4816A9-E3CE-4BA4-8FB0-9A10562726EE}"
EndProject
Project("{FAE04EC0-301F-11D3-BF4B-00C04F79EFBC}") = "xMax.Module.Win", "xMax.Module.Win\xMax.Module.Win.csproj", "{315B8C7D-2067-4989-B7A3-C4D989C6B241}"
EndProject
Project("{FAE04EC0-301F-11D3-BF4B-00C04F79EFBC}") = "xMax.Win", "xMax.Win\xMax.Win.csproj", "{FEC18985-CB68-4DDC-9240-52CDE1CB3F11}"
EndProject
Global
	GlobalSection(SolutionConfigurationPlatforms) = preSolution
		Debug|Any CPU = Debug|Any CPU
		EasyTest|Any CPU = EasyTest|Any CPU
		Release|Any CPU = Release|Any CPU
	EndGlobalSection
	GlobalSection(ProjectConfigurationPlatforms) = postSolution
		{C8335DA2-E3AF-4415-AFA8-7F0B60BBED7B}.Debug|Any CPU.ActiveCfg = Debug|Any CPU
		{C8335DA2-E3AF-4415-AFA8-7F0B60BBED7B}.Debug|Any CPU.Build.0 = Debug|Any CPU
		{C8335DA2-E3AF-4415-AFA8-7F0B60BBED7B}.EasyTest|Any CPU.ActiveCfg = EasyTest|Any CPU
		{C8335DA2-E3AF-4415-AFA8-7F0B60BBED7B}.EasyTest|Any CPU.Build.0 = EasyTest|Any CPU
		{C8335DA2-E3AF-4415-AFA8-7F0B60BBED7B}.Release|Any CPU.ActiveCfg = Release|Any CPU
		{C8335DA2-E3AF-4415-AFA8-7F0B60BBED7B}.Release|Any CPU.Build.0 = Release|Any CPU
		{A90DF53C-B0A5-45BB-AB63-DCF1A9581135}.Debug|Any CPU.ActiveCfg = Debug|Any CPU
		{A90DF53C-B0A5-45BB-AB63-DCF1A9581135}.Debug|Any CPU.Build.0 = Debug|Any CPU
		{A90DF53C-B0A5-45BB-AB63-DCF1A9581135}.EasyTest|Any CPU.ActiveCfg = EasyTest|Any CPU
		{A90DF53C-B0A5-45BB-AB63-DCF1A9581135}.EasyTest|Any CPU.Build.0 = EasyTest|Any CPU
		{A90DF53C-B0A5-45BB-AB63-DCF1A9581135}.Release|Any CPU.ActiveCfg = Release|Any CPU
		{A90DF53C-B0A5-45BB-AB63-DCF1A9581135}.Release|Any CPU.Build.0 = Release|Any CPU
		{4D4816A9-E3CE-4BA4-8FB0-9A10562726EE}.Debug|Any CPU.ActiveCfg = Debug|Any CPU
		{4D4816A9-E3CE-4BA4-8FB0-9A10562726EE}.Debug|Any CPU.Build.0 = Debug|Any CPU
		{4D4816A9-E3CE-4BA4-8FB0-9A10562726EE}.EasyTest|Any CPU.ActiveCfg = EasyTest|Any CPU
		{4D4816A9-E3CE-4BA4-8FB0-9A10562726EE}.EasyTest|Any CPU.Build.0 = EasyTest|Any CPU
		{4D4816A9-E3CE-4BA4-8FB0-9A10562726EE}.Release|Any CPU.ActiveCfg = Release|Any CPU
		{4D4816A9-E3CE-4BA4-8FB0-9A10562726EE}.Release|Any CPU.Build.0 = Release|Any CPU
		{315B8C7D-2067-4989-B7A3-C4D989C6B241}.Debug|Any CPU.ActiveCfg = Debug|Any CPU
		{315B8C7D-2067-4989-B7A3-C4D989C6B241}.Debug|Any CPU.Build.0 = Debug|Any CPU
		{315B8C7D-2067-4989-B7A3-C4D989C6B241}.EasyTest|Any CPU.ActiveCfg = EasyTest|Any CPU
		{315B8C7D-2067-4989-B7A3-C4D989C6B241}.EasyTest|Any CPU.Build.0 = EasyTest|Any CPU
		{315B8C7D-2067-4989-B7A3-C4D989C6B241}.Release|Any CPU.ActiveCfg = Release|Any CPU
		{315B8C7D-2067-4989-B7A3-C4D989C6B241}.Release|Any CPU.Build.0 = Release|Any CPU
		{FEC18985-CB68-4DDC-9240-52CDE1CB3F11}.Debug|Any CPU.ActiveCfg = Debug|Any CPU
		{FEC18985-CB68-4DDC-9240-52CDE1CB3F11}.Debug|Any CPU.Build.0 = Debug|Any CPU
		{FEC18985-CB68-4DDC-9240-52CDE1CB3F11}.EasyTest|Any CPU.ActiveCfg = EasyTest|Any CPU
		{FEC18985-CB68-4DDC-9240-52CDE1CB3F11}.EasyTest|Any CPU.Build.0 = EasyTest|Any CPU
		{FEC18985-CB68-4DDC-9240-52CDE1CB3F11}.Release|Any CPU.ActiveCfg = Release|Any CPU
		{FEC18985-CB68-4DDC-9240-52CDE1CB3F11}.Release|Any CPU.Build.0 = Release|Any CPU
	EndGlobalSection
	GlobalSection(SolutionProperties) = preSolution
		HideSolutionNode = FALSE
	EndGlobalSection
	GlobalSection(ExtensibilityGlobals) = postSolution
		SolutionGuid = {80BFE623-501B-4820-99ED-94F760301743}
	EndGlobalSection
EndGlobal
